<?xml version="1.0" encoding="utf-8"?>
<Project ToolsVersion="4.0" xmlns="http://schemas.microsoft.com/developer/msbuild/2003">
  <ItemGroup>
    <Filter Include="00.System">
      <UniqueIdentifier>{ee32449f-48a6-4ac7-9767-e928562a7bb2}</UniqueIdentifier>
    </Filter>
    <Filter Include="01.Utility">
      <UniqueIdentifier>{f1712038-9b72-4613-8ea8-7fbdb495f5ce}</UniqueIdentifier>
    </Filter>
    <Filter Include="00.System\00.Device">
      <UniqueIdentifier>{5b9b328a-703d-4aae-a614-fe39187bde50}</UniqueIdentifier>
    </Filter>
    <Filter Include="00.System\00.Device\Graphic">
      <UniqueIdentifier>{d9512e06-17d2-430c-ae71-7674a5c15d80}</UniqueIdentifier>
    </Filter>
    <Filter Include="00.System\00.Device\Input">
      <UniqueIdentifier>{44bbdc49-8334-4018-ae8a-d5c8cec71d41}</UniqueIdentifier>
    </Filter>
    <Filter Include="01.Utility\99.SuperClass">
      <UniqueIdentifier>{28a700cf-cf45-4d42-83d5-664e9f3a471f}</UniqueIdentifier>
    </Filter>
    <Filter Include="99.Defines">
      <UniqueIdentifier>{dc76f3a4-70ea-430a-8253-3ec25138c2b6}</UniqueIdentifier>
    </Filter>
    <Filter Include="01.Utility\00.GameInstance">
      <UniqueIdentifier>{f1cd2316-8843-49f3-a045-24b6c4deedd4}</UniqueIdentifier>
    </Filter>
    <Filter Include="00.System\01.Timer">
      <UniqueIdentifier>{b60580c1-58cb-428d-8600-a41535bb9945}</UniqueIdentifier>
    </Filter>
    <Filter Include="00.System\01.Timer\Manager">
      <UniqueIdentifier>{0ff36654-c33a-4c43-8827-8d251c5fb05e}</UniqueIdentifier>
    </Filter>
    <Filter Include="01.Utility\01.Levels">
      <UniqueIdentifier>{45b60c11-0f86-4b26-8d63-86c785cc6c80}</UniqueIdentifier>
    </Filter>
    <Filter Include="01.Utility\01.Levels\Manager">
      <UniqueIdentifier>{4af2bf0b-bdd0-4059-8f2d-cd5d35989292}</UniqueIdentifier>
    </Filter>
    <Filter Include="01.Utility\02.Prototype">
      <UniqueIdentifier>{1576ccae-48e8-427b-ad68-6eca4d539e1d}</UniqueIdentifier>
    </Filter>
    <Filter Include="01.Utility\02.Prototype\Manager">
      <UniqueIdentifier>{badf884d-5be7-41ef-83b7-0cfd1828e990}</UniqueIdentifier>
    </Filter>
    <Filter Include="01.Utility\03.GameObjects">
      <UniqueIdentifier>{c80c70f6-e79f-481a-a2c7-da1479be538d}</UniqueIdentifier>
    </Filter>
    <Filter Include="01.Utility\03.GameObjects\Manager">
      <UniqueIdentifier>{62a19dcc-cba7-4d36-8b75-46d2a0c63421}</UniqueIdentifier>
    </Filter>
    <Filter Include="01.Utility\04.Component">
      <UniqueIdentifier>{affde98f-a31c-4188-aa84-9b12c73ee3b2}</UniqueIdentifier>
    </Filter>
    <Filter Include="01.Utility\03.GameObjects\Manager\Layer">
      <UniqueIdentifier>{7a0cca56-db81-4c80-aa0c-107b36a26850}</UniqueIdentifier>
    </Filter>
    <Filter Include="01.Utility\05.Renderer">
      <UniqueIdentifier>{d76c1ce7-abe8-4f7e-8720-ca22b68c3973}</UniqueIdentifier>
    </Filter>
    <Filter Include="01.Utility\04.Component\Transform">
      <UniqueIdentifier>{295753b1-43e5-401f-a7cd-f40ccc5f2f70}</UniqueIdentifier>
    </Filter>
    <Filter Include="01.Utility\04.Component\Texture">
      <UniqueIdentifier>{19d12511-3c81-42fe-ad70-ca600c1f74d7}</UniqueIdentifier>
    </Filter>
    <Filter Include="01.Utility\04.Component\VIBuffer">
      <UniqueIdentifier>{5190551e-235a-4784-8e37-1f1ba5ce2850}</UniqueIdentifier>
    </Filter>
    <Filter Include="01.Utility\04.Component\VIBuffer\Rect">
      <UniqueIdentifier>{d96055e9-eef3-4de8-885c-1f0da8fdf00c}</UniqueIdentifier>
    </Filter>
    <Filter Include="01.Utility\04.Component\VIBuffer\Terrain">
      <UniqueIdentifier>{3947850e-f582-43cf-8ba1-bfd2e64f0236}</UniqueIdentifier>
    </Filter>
    <Filter Include="01.Utility\04.Component\VIBuffer\Cube">
      <UniqueIdentifier>{ab9b1be1-454d-4623-a67d-c46975586d90}</UniqueIdentifier>
    </Filter>
    <Filter Include="01.Utility\04.Component\Shader">
      <UniqueIdentifier>{64c8efcb-6ffe-48cc-a3a1-22ca84cf6d30}</UniqueIdentifier>
    </Filter>
    <Filter Include="01.Utility\03.GameObjects\UIObject">
      <UniqueIdentifier>{98cc20fd-8530-4f6a-a652-a682bad8c580}</UniqueIdentifier>
    </Filter>
    <Filter Include="01.Utility\03.GameObjects\Camera">
      <UniqueIdentifier>{50eea4af-fb90-4d3f-a4a7-ac1dd71d0d60}</UniqueIdentifier>
    </Filter>
    <Filter Include="01.Utility\06.PipeLine">
      <UniqueIdentifier>{59931ba2-5234-4231-8179-b10f37240276}</UniqueIdentifier>
    </Filter>
    <Filter Include="00.System\02.Input">
      <UniqueIdentifier>{2c326a3a-ea42-475b-8a59-b29731d78d2d}</UniqueIdentifier>
    </Filter>
    <Filter Include="01.Utility\07.Lights">
      <UniqueIdentifier>{006fe3c0-9424-431f-810c-588c0d1464b1}</UniqueIdentifier>
    </Filter>
    <Filter Include="01.Utility\07.Lights\Manager">
      <UniqueIdentifier>{bcc7a8e2-1dce-4bb5-8252-dd3572f886f0}</UniqueIdentifier>
    </Filter>
    <Filter Include="01.Utility\04.Component\Model">
      <UniqueIdentifier>{71552899-e6bd-4f05-907f-9623a7129015}</UniqueIdentifier>
    </Filter>
    <Filter Include="01.Utility\04.Component\Model\Mesh">
      <UniqueIdentifier>{11fcdc70-f4e4-4c71-b65d-613a79e2c7df}</UniqueIdentifier>
    </Filter>
    <Filter Include="01.Utility\04.Component\Model\Material">
      <UniqueIdentifier>{f4542924-b62a-4a6e-abe3-2f511e3df637}</UniqueIdentifier>
    </Filter>
    <Filter Include="01.Utility\04.Component\Model\Bone">
      <UniqueIdentifier>{0cdbafce-57a6-4034-9849-655fc71c7019}</UniqueIdentifier>
    </Filter>
    <Filter Include="01.Utility\04.Component\Model\Animation">
      <UniqueIdentifier>{1a7248a8-c07a-47bb-8f69-4ee39582a772}</UniqueIdentifier>
    </Filter>
    <Filter Include="01.Utility\04.Component\Model\Animation\Channel">
      <UniqueIdentifier>{9670bcde-2130-4968-9435-426a1743638e}</UniqueIdentifier>
    </Filter>
    <Filter Include="01.Utility\08. Picking">
      <UniqueIdentifier>{3a230075-b36f-43ae-b0e3-bb71b37fd746}</UniqueIdentifier>
    </Filter>
  </ItemGroup>
  <ItemGroup>
    <ClInclude Include="..\public\Base.h">
      <Filter>01.Utility\99.SuperClass</Filter>
    </ClInclude>
    <ClInclude Include="..\Public\Engine_Function.h">
      <Filter>99.Defines</Filter>
    </ClInclude>
    <ClInclude Include="..\Public\Engine_Macro.h">
      <Filter>99.Defines</Filter>
    </ClInclude>
    <ClInclude Include="..\Public\Engine_Struct.h">
      <Filter>99.Defines</Filter>
    </ClInclude>
    <ClInclude Include="..\Public\Engine_Typedef.h">
      <Filter>99.Defines</Filter>
    </ClInclude>
    <ClInclude Include="..\Public\Engine_Define.h">
      <Filter>99.Defines</Filter>
    </ClInclude>
    <ClInclude Include="..\Public\Engine_Enum.h">
      <Filter>99.Defines</Filter>
    </ClInclude>
    <ClInclude Include="..\public\GameInstance.h">
      <Filter>01.Utility\00.GameInstance</Filter>
    </ClInclude>
    <ClInclude Include="..\Public\Graphic_Device.h">
      <Filter>00.System\00.Device\Graphic</Filter>
    </ClInclude>
    <ClInclude Include="..\Public\Timer_Manager.h">
      <Filter>00.System\01.Timer\Manager</Filter>
    </ClInclude>
    <ClInclude Include="..\Public\Timer.h">
      <Filter>00.System\01.Timer</Filter>
    </ClInclude>
    <ClInclude Include="..\public\Level.h">
      <Filter>01.Utility\01.Levels</Filter>
    </ClInclude>
    <ClInclude Include="..\public\Level_Manager.h">
      <Filter>01.Utility\01.Levels\Manager</Filter>
    </ClInclude>
    <ClInclude Include="..\public\Prototype_Manager.h">
      <Filter>01.Utility\02.Prototype\Manager</Filter>
    </ClInclude>
    <ClInclude Include="..\public\GameObject.h">
      <Filter>01.Utility\03.GameObjects</Filter>
    </ClInclude>
    <ClInclude Include="..\public\Component.h">
      <Filter>01.Utility\04.Component</Filter>
    </ClInclude>
    <ClInclude Include="..\public\Object_Manager.h">
      <Filter>01.Utility\03.GameObjects\Manager</Filter>
    </ClInclude>
    <ClInclude Include="..\public\Layer.h">
      <Filter>01.Utility\03.GameObjects\Manager\Layer</Filter>
    </ClInclude>
    <ClInclude Include="..\Public\Renderer.h">
      <Filter>01.Utility\05.Renderer</Filter>
    </ClInclude>
    <ClInclude Include="..\public\Transform.h">
      <Filter>01.Utility\04.Component\Transform</Filter>
    </ClInclude>
    <ClInclude Include="..\public\Texture.h">
      <Filter>01.Utility\04.Component\Texture</Filter>
    </ClInclude>
    <ClInclude Include="..\public\VIBuffer.h">
      <Filter>01.Utility\04.Component\VIBuffer</Filter>
    </ClInclude>
    <ClInclude Include="..\public\VIBuffer_Rect.h">
      <Filter>01.Utility\04.Component\VIBuffer\Rect</Filter>
    </ClInclude>
    <ClInclude Include="..\public\Shader.h">
      <Filter>01.Utility\04.Component\Shader</Filter>
    </ClInclude>
    <ClInclude Include="..\public\UIObject.h">
      <Filter>01.Utility\03.GameObjects\UIObject</Filter>
    </ClInclude>
    <ClInclude Include="..\Public\VIBuffer_Terrain.h">
      <Filter>01.Utility\04.Component\VIBuffer\Terrain</Filter>
    </ClInclude>
    <ClInclude Include="..\public\Camera.h">
      <Filter>01.Utility\03.GameObjects\Camera</Filter>
    </ClInclude>
    <ClInclude Include="..\public\PipeLine.h">
      <Filter>01.Utility\06.PipeLine</Filter>
    </ClInclude>
    <ClInclude Include="..\Public\Input_Device.h">
      <Filter>00.System\02.Input</Filter>
    </ClInclude>
    <ClInclude Include="..\public\Light.h">
      <Filter>01.Utility\07.Lights</Filter>
    </ClInclude>
    <ClInclude Include="..\public\Light_Manager.h">
      <Filter>01.Utility\07.Lights\Manager</Filter>
    </ClInclude>
    <ClInclude Include="..\public\Model.h">
      <Filter>01.Utility\04.Component\Model</Filter>
    </ClInclude>
    <ClInclude Include="..\public\Mesh.h">
      <Filter>01.Utility\04.Component\Model\Mesh</Filter>
    </ClInclude>
    <ClInclude Include="..\public\Material.h">
      <Filter>01.Utility\04.Component\Model\Material</Filter>
    </ClInclude>
    <ClInclude Include="..\public\Bone.h">
      <Filter>01.Utility\04.Component\Model\Bone</Filter>
    </ClInclude>
    <ClInclude Include="..\public\Animation.h">
      <Filter>01.Utility\04.Component\Model\Animation</Filter>
    </ClInclude>
    <ClInclude Include="..\public\Channel.h">
      <Filter>01.Utility\04.Component\Model\Animation\Channel</Filter>
    </ClInclude>
    <ClInclude Include="..\public\Picking_Manager.h">
      <Filter>01.Utility\08. Picking</Filter>
    </ClInclude>
  </ItemGroup>
  <ItemGroup>
    <ClCompile Include="..\private\Base.cpp">
      <Filter>01.Utility\99.SuperClass</Filter>
    </ClCompile>
    <ClCompile Include="..\private\GameInstance.cpp">
      <Filter>01.Utility\00.GameInstance</Filter>
    </ClCompile>
    <ClCompile Include="..\Private\Graphic_Device.cpp">
      <Filter>00.System\00.Device\Graphic</Filter>
    </ClCompile>
    <ClCompile Include="..\Private\Timer.cpp">
      <Filter>00.System\01.Timer</Filter>
    </ClCompile>
    <ClCompile Include="..\Private\Timer_Manager.cpp">
      <Filter>00.System\01.Timer\Manager</Filter>
    </ClCompile>
    <ClCompile Include="..\private\Level.cpp">
      <Filter>01.Utility\01.Levels</Filter>
    </ClCompile>
    <ClCompile Include="..\private\Level_Manager.cpp">
      <Filter>01.Utility\01.Levels\Manager</Filter>
    </ClCompile>
    <ClCompile Include="..\private\Prototype_Manager.cpp">
      <Filter>01.Utility\02.Prototype\Manager</Filter>
    </ClCompile>
    <ClCompile Include="..\private\GameObject.cpp">
      <Filter>01.Utility\03.GameObjects</Filter>
    </ClCompile>
    <ClCompile Include="..\private\Component.cpp">
      <Filter>01.Utility\04.Component</Filter>
    </ClCompile>
    <ClCompile Include="..\private\Object_Manager.cpp">
      <Filter>01.Utility\03.GameObjects\Manager</Filter>
    </ClCompile>
    <ClCompile Include="..\private\Layer.cpp">
      <Filter>01.Utility\03.GameObjects\Manager\Layer</Filter>
    </ClCompile>
    <ClCompile Include="..\Private\Renderer.cpp">
      <Filter>01.Utility\05.Renderer</Filter>
    </ClCompile>
    <ClCompile Include="..\private\Transform.cpp">
      <Filter>01.Utility\04.Component\Transform</Filter>
    </ClCompile>
    <ClCompile Include="..\private\Texture.cpp">
      <Filter>01.Utility\04.Component\Texture</Filter>
    </ClCompile>
    <ClCompile Include="..\private\VIBuffer.cpp">
      <Filter>01.Utility\04.Component\VIBuffer</Filter>
    </ClCompile>
    <ClCompile Include="..\private\VIBuffer_Rect.cpp">
      <Filter>01.Utility\04.Component\VIBuffer\Rect</Filter>
    </ClCompile>
    <ClCompile Include="..\private\Shader.cpp">
      <Filter>01.Utility\04.Component\Shader</Filter>
    </ClCompile>
    <ClCompile Include="..\private\UIObject.cpp">
      <Filter>01.Utility\03.GameObjects\UIObject</Filter>
    </ClCompile>
    <ClCompile Include="..\Private\VIBuffer_Terrain.cpp">
      <Filter>01.Utility\04.Component\VIBuffer\Terrain</Filter>
    </ClCompile>
    <ClCompile Include="..\private\Camera.cpp">
      <Filter>01.Utility\03.GameObjects\Camera</Filter>
    </ClCompile>
    <ClCompile Include="..\private\PipeLine.cpp">
      <Filter>01.Utility\06.PipeLine</Filter>
    </ClCompile>
    <ClCompile Include="..\Private\Input_Device.cpp">
      <Filter>00.System\02.Input</Filter>
    </ClCompile>
    <ClCompile Include="..\private\Light.cpp">
      <Filter>01.Utility\07.Lights</Filter>
    </ClCompile>
    <ClCompile Include="..\private\Light_Manager.cpp">
      <Filter>01.Utility\07.Lights\Manager</Filter>
    </ClCompile>
    <ClCompile Include="..\private\Model.cpp">
      <Filter>01.Utility\04.Component\Model</Filter>
    </ClCompile>
    <ClCompile Include="..\private\Mesh.cpp">
      <Filter>01.Utility\04.Component\Model\Mesh</Filter>
    </ClCompile>
    <ClCompile Include="..\private\Material.cpp">
      <Filter>01.Utility\04.Component\Model\Material</Filter>
    </ClCompile>
    <ClCompile Include="..\private\Bone.cpp">
      <Filter>01.Utility\04.Component\Model\Bone</Filter>
    </ClCompile>
    <ClCompile Include="..\private\Animation.cpp">
      <Filter>01.Utility\04.Component\Model\Animation</Filter>
    </ClCompile>
    <ClCompile Include="..\private\Channel.cpp">
      <Filter>01.Utility\04.Component\Model\Animation\Channel</Filter>
    </ClCompile>
    <ClCompile Include="..\private\Picking_Manager.cpp">
      <Filter>01.Utility\08. Picking</Filter>
    </ClCompile>
  </ItemGroup>
</Project>