<?xml version="1.0" encoding="utf-8"?>
<Project ToolsVersion="4.0" xmlns="http://schemas.microsoft.com/developer/msbuild/2003">
  <ItemGroup>
    <Filter Include="99.Defines">
      <UniqueIdentifier>{3acaa562-7269-4ea7-b168-b802c4d6155c}</UniqueIdentifier>
    </Filter>
    <Filter Include="98.Default">
      <UniqueIdentifier>{32481d4c-d7f2-46be-95cd-79647521181e}</UniqueIdentifier>
    </Filter>
    <Filter Include="00.MainApp">
      <UniqueIdentifier>{d69e3444-9e7c-4604-ac6d-d4c569f4a755}</UniqueIdentifier>
    </Filter>
    <Filter Include="01.Levels">
      <UniqueIdentifier>{12c7ea84-5aca-422b-b850-74d5ab90a728}</UniqueIdentifier>
    </Filter>
    <Filter Include="01.Levels\Loading">
      <UniqueIdentifier>{80e3c701-65b1-47a7-a84b-45c775b1ac3d}</UniqueIdentifier>
    </Filter>
    <Filter Include="01.Levels\Logo">
      <UniqueIdentifier>{0ffeace3-1b29-4d9a-a27c-3d6bc0b386b4}</UniqueIdentifier>
    </Filter>
    <Filter Include="01.Levels\GamePlay">
      <UniqueIdentifier>{c3d86694-aee6-4c8e-90fd-3b22b663c005}</UniqueIdentifier>
    </Filter>
    <Filter Include="01.Levels\Loading\Loader">
      <UniqueIdentifier>{098ded7b-809c-44ac-9a95-b4e8528afd5d}</UniqueIdentifier>
    </Filter>
    <Filter Include="02.GameObject">
      <UniqueIdentifier>{38e08db2-3f28-4caa-b253-fa9b9f02aef2}</UniqueIdentifier>
    </Filter>
    <Filter Include="02.GameObject\UI">
      <UniqueIdentifier>{22fad0de-cf88-40d1-b428-3585935d5be9}</UniqueIdentifier>
    </Filter>
    <Filter Include="02.GameObject\UI\00.BackGround">
      <UniqueIdentifier>{d023afea-ff0b-417c-9db0-25eb798973f2}</UniqueIdentifier>
    </Filter>
    <Filter Include="97.ShaderFiles">
      <UniqueIdentifier>{ab9c1d2a-b2c2-4061-a3ea-61fccfdb62d1}</UniqueIdentifier>
    </Filter>
    <Filter Include="02.GameObject\Terrain">
      <UniqueIdentifier>{ff40d1f3-aed2-48f4-a50b-289c5997d487}</UniqueIdentifier>
    </Filter>
    <Filter Include="02.GameObject\Camera">
      <UniqueIdentifier>{5b762eb7-fdd7-4b49-99c4-1ef4cb427c7d}</UniqueIdentifier>
    </Filter>
    <Filter Include="02.GameObject\Camera\Free">
      <UniqueIdentifier>{f5653e50-a701-47e2-881a-e8cbacab6c09}</UniqueIdentifier>
    </Filter>
    <Filter Include="02.GameObject\Monster">
      <UniqueIdentifier>{ddd4a044-4732-4b5d-bc60-538841bcb571}</UniqueIdentifier>
    </Filter>
    <Filter Include="01.Levels\Dungeon">
      <UniqueIdentifier>{827af5f8-6f67-4dd8-80d2-9046abe88a30}</UniqueIdentifier>
    </Filter>
    <Filter Include="02.GameObject\Player">
      <UniqueIdentifier>{0d2b11c3-8e66-4cb3-b59f-a59ea7f4808b}</UniqueIdentifier>
    </Filter>
    <Filter Include="02.GameObject\UI\01. HotBar">
      <UniqueIdentifier>{ab44393f-f351-4a3d-857a-8cb39a122a35}</UniqueIdentifier>
    </Filter>
    <Filter Include="02.GameObject\UI\02. Cursor">
      <UniqueIdentifier>{1c9d8d6a-8b50-42d9-803f-c1a02ffa4461}</UniqueIdentifier>
    </Filter>
    <Filter Include="96.ImGui">
      <UniqueIdentifier>{3d0e12ed-c785-4cc2-9b98-7f44d5f45251}</UniqueIdentifier>
    </Filter>
    <Filter Include="96.ImGui\Deafult">
      <UniqueIdentifier>{23ba2b0d-0536-40c9-88ed-5947c553d12c}</UniqueIdentifier>
    </Filter>
    <Filter Include="96.ImGui\Panel">
      <UniqueIdentifier>{4abf76fa-588f-4ce2-b0ff-a131f9db3d1c}</UniqueIdentifier>
    </Filter>
    <Filter Include="96.ImGui\Panel\Hierarchy">
      <UniqueIdentifier>{038f89b4-2ffe-4eeb-a843-b97a7c9ab89b}</UniqueIdentifier>
    </Filter>
    <Filter Include="96.ImGui\Panel\Inspector">
      <UniqueIdentifier>{150a57a4-40e1-4c05-b629-5771b82c35f6}</UniqueIdentifier>
    </Filter>
    <Filter Include="02.GameObject\Skeleton">
      <UniqueIdentifier>{6ecf219e-e530-4539-83bf-257aaa6e5f2c}</UniqueIdentifier>
    </Filter>
    <Filter Include="02.GameObject\Skeleton\Body">
      <UniqueIdentifier>{5a43bb8f-7dd7-4c4d-a2b8-85984093b95a}</UniqueIdentifier>
    </Filter>
    <Filter Include="02.GameObject\Bunting">
      <UniqueIdentifier>{ce3c4b7a-25a3-484c-bc73-3bf8274fb09e}</UniqueIdentifier>
    </Filter>
    <Filter Include="96.ImGui\Gizumo">
      <UniqueIdentifier>{2f283f93-05fb-4309-9176-fa447344bdba}</UniqueIdentifier>
    </Filter>
    <Filter Include="02.GameObject\Player\Body">
      <UniqueIdentifier>{2b92ae80-4792-435a-b142-59e600292af2}</UniqueIdentifier>
    </Filter>
    <Filter Include="02.GameObject\Player\Weapon">
      <UniqueIdentifier>{48e65ad4-c533-4545-b09e-093ef7255004}</UniqueIdentifier>
    </Filter>
    <Filter Include="02.GameObject\Sky">
      <UniqueIdentifier>{b126ed80-5136-4a32-a2a4-3e8611f7488b}</UniqueIdentifier>
    </Filter>
    <Filter Include="02.GameObject\DefaultBlock">
      <UniqueIdentifier>{4b21a9c5-1736-4903-a007-12ba545cbd98}</UniqueIdentifier>
    </Filter>
    <Filter Include="02.GameObject\Building">
      <UniqueIdentifier>{4363c4f4-3d8c-44c8-8c18-1d2b4b5902c8}</UniqueIdentifier>
    </Filter>
    <Filter Include="02.GameObject\Bridge">
      <UniqueIdentifier>{ebb83edd-c3c1-4c23-8d57-cbd472af9ad3}</UniqueIdentifier>
    </Filter>
    <Filter Include="02.GameObject\Table">
      <UniqueIdentifier>{0b4ade60-762f-4b96-b69f-04d468688679}</UniqueIdentifier>
    </Filter>
    <Filter Include="02.GameObject\Tent">
      <UniqueIdentifier>{cadafd0f-a242-4722-aa12-bc183614bb02}</UniqueIdentifier>
    </Filter>
    <Filter Include="02.GameObject\LampPost">
      <UniqueIdentifier>{8f167642-3322-43ae-ac60-e14616ef0806}</UniqueIdentifier>
    </Filter>
    <Filter Include="02.GameObject\Bucket">
      <UniqueIdentifier>{69f78e94-7bb2-4e6e-baaf-ac1bc485a241}</UniqueIdentifier>
    </Filter>
    <Filter Include="02.GameObject\WaterBucket">
      <UniqueIdentifier>{d3089197-9d27-4e93-b425-c550367f4b36}</UniqueIdentifier>
    </Filter>
    <Filter Include="02.GameObject\Sack">
      <UniqueIdentifier>{e16a3308-2431-44c9-a6eb-cf0e15772065}</UniqueIdentifier>
    </Filter>
    <Filter Include="02.GameObject\Lantern">
      <UniqueIdentifier>{4bc754dd-1892-46bd-8a1b-ae1b28143331}</UniqueIdentifier>
    </Filter>
    <Filter Include="02.GameObject\Grass">
      <UniqueIdentifier>{603f9a26-48c9-497a-a4cb-3aa789f74c15}</UniqueIdentifier>
    </Filter>
    <Filter Include="02.GameObject\Zombie">
      <UniqueIdentifier>{60c6a1ce-00d8-4a2e-bc68-dde0817ea720}</UniqueIdentifier>
    </Filter>
    <Filter Include="02.GameObject\SkeletonVanguard">
      <UniqueIdentifier>{26bd612a-abaf-42b8-9343-390e27de125f}</UniqueIdentifier>
    </Filter>
    <Filter Include="02.GameObject\Creeper">
      <UniqueIdentifier>{d3b859e2-eba4-4edf-9f74-76e22da82137}</UniqueIdentifier>
    </Filter>
    <Filter Include="02.GameObject\NameLessKing">
      <UniqueIdentifier>{7a5ca9ec-a865-4f39-ab04-7141488fafa6}</UniqueIdentifier>
    </Filter>
    <Filter Include="02.GameObject\Arrow">
      <UniqueIdentifier>{be45da45-1c9e-46d1-916b-826f1ec247b9}</UniqueIdentifier>
    </Filter>
    <Filter Include="02.GameObject\NameLessKing\JusinBox">
      <UniqueIdentifier>{12e5bb0a-279e-4b61-adfb-85ac40b54818}</UniqueIdentifier>
    </Filter>
    <Filter Include="02.GameObject\Player\Bow">
      <UniqueIdentifier>{d8beab5a-51b6-485c-8add-8dcbd5b03ec7}</UniqueIdentifier>
    </Filter>
    <Filter Include="02.GameObject\UI\03. HpBar">
      <UniqueIdentifier>{7a7261ac-edbd-4262-9cc2-189b67377332}</UniqueIdentifier>
    </Filter>
    <Filter Include="02.GameObject\UI\04. DamageFont">
      <UniqueIdentifier>{aae2d611-eac6-4bd5-869d-b09365beef43}</UniqueIdentifier>
    </Filter>
    <Filter Include="02.GameObject\UI\05. BossMark">
      <UniqueIdentifier>{07a471cb-5c7b-4495-99de-6ff96e60d856}</UniqueIdentifier>
    </Filter>
    <Filter Include="01.Levels\BossPath">
      <UniqueIdentifier>{3ad24cbd-471b-45c2-bfa1-149c87c151a3}</UniqueIdentifier>
    </Filter>
    <Filter Include="01.Levels\Boss">
      <UniqueIdentifier>{1bd74960-6576-4a6a-a211-0e4847e79032}</UniqueIdentifier>
    </Filter>
    <Filter Include="02.GameObject\Door">
      <UniqueIdentifier>{947085b3-e8ed-46d6-950f-bf7a4faa6cc6}</UniqueIdentifier>
    </Filter>
    <Filter Include="02.GameObject\UI\06. Inventory">
      <UniqueIdentifier>{b8c63e75-35eb-4dc9-a540-e31857eaab28}</UniqueIdentifier>
    </Filter>
    <Filter Include="02.GameObject\UI\06. Inventory\Icon">
      <UniqueIdentifier>{3f42ea3d-a0c4-4294-b3e4-f36fe3977028}</UniqueIdentifier>
    </Filter>
    <Filter Include="02.GameObject\Item">
      <UniqueIdentifier>{9bd707f3-ab22-4337-aaba-c7650edb376e}</UniqueIdentifier>
    </Filter>
    <Filter Include="02.GameObject\Item\Sword">
      <UniqueIdentifier>{6d596871-71ac-472b-8ec2-6ae6da781b05}</UniqueIdentifier>
    </Filter>
    <Filter Include="02.GameObject\Item\Claymore">
      <UniqueIdentifier>{ea230278-d42e-4553-8d88-fa152883cee2}</UniqueIdentifier>
    </Filter>
    <Filter Include="02.GameObject\Item\Bow">
      <UniqueIdentifier>{063bb925-23eb-4d72-aa59-91d6610dde8f}</UniqueIdentifier>
    </Filter>
    <Filter Include="02.GameObject\Item\Armor">
      <UniqueIdentifier>{06bfb9d0-b736-4b2a-aa8d-5ad82696ce3c}</UniqueIdentifier>
    </Filter>
    <Filter Include="02.GameObject\UI\06. Inventory\Slot">
      <UniqueIdentifier>{141356e8-3e04-45d9-b810-99f4bd76f914}</UniqueIdentifier>
    </Filter>
  </ItemGroup>
  <ItemGroup>
    <ClInclude Include="Client.h">
      <Filter>98.Default</Filter>
    </ClInclude>
    <ClInclude Include="framework.h">
      <Filter>98.Default</Filter>
    </ClInclude>
    <ClInclude Include="Resource.h">
      <Filter>98.Default</Filter>
    </ClInclude>
    <ClInclude Include="targetver.h">
      <Filter>98.Default</Filter>
    </ClInclude>
    <ClInclude Include="..\Public\Client_Defines.h">
      <Filter>99.Defines</Filter>
    </ClInclude>
    <ClInclude Include="..\public\MainApp.h">
      <Filter>00.MainApp</Filter>
    </ClInclude>
    <ClInclude Include="..\public\Level_Loading.h">
      <Filter>01.Levels\Loading</Filter>
    </ClInclude>
    <ClInclude Include="..\Public\Level_GamePlay.h">
      <Filter>01.Levels\GamePlay</Filter>
    </ClInclude>
    <ClInclude Include="..\Public\Level_Logo.h">
      <Filter>01.Levels\Logo</Filter>
    </ClInclude>
    <ClInclude Include="..\public\Loader.h">
      <Filter>01.Levels\Loading\Loader</Filter>
    </ClInclude>
    <ClInclude Include="..\public\BackGround.h">
      <Filter>02.GameObject\UI\00.BackGround</Filter>
    </ClInclude>
    <ClInclude Include="..\Public\Terrain.h">
      <Filter>02.GameObject\Terrain</Filter>
    </ClInclude>
    <ClInclude Include="..\public\FreeCamera.h">
      <Filter>02.GameObject\Camera\Free</Filter>
    </ClInclude>
    <ClInclude Include="..\Public\Monster.h">
      <Filter>02.GameObject\Monster</Filter>
    </ClInclude>
    <ClInclude Include="Level_Dungeon.h">
      <Filter>01.Levels\Dungeon</Filter>
    </ClInclude>
    <ClInclude Include="..\public\Player.h">
      <Filter>02.GameObject\Player</Filter>
    </ClInclude>
    <ClInclude Include="..\public\HotBar.h">
      <Filter>02.GameObject\UI\01. HotBar</Filter>
    </ClInclude>
    <ClInclude Include="..\public\Cursor.h">
      <Filter>02.GameObject\UI\02. Cursor</Filter>
    </ClInclude>
    <ClInclude Include="..\Public\ImGui_Manager.h">
      <Filter>96.ImGui</Filter>
    </ClInclude>
    <ClInclude Include="..\Public\ImGui_Panel_Hierarchy.h">
      <Filter>96.ImGui\Panel\Hierarchy</Filter>
    </ClInclude>
    <ClInclude Include="..\Public\ImGui_Panel_Inspector.h">
      <Filter>96.ImGui\Panel\Inspector</Filter>
    </ClInclude>
    <ClInclude Include="..\Public\ImGui_Panel.h">
      <Filter>96.ImGui\Panel</Filter>
    </ClInclude>
    <ClInclude Include="..\Public\imgui_impl_win32.h">
      <Filter>96.ImGui\Deafult</Filter>
    </ClInclude>
    <ClInclude Include="..\Public\imgui_internal.h">
      <Filter>96.ImGui\Deafult</Filter>
    </ClInclude>
    <ClInclude Include="..\Public\imstb_rectpack.h">
      <Filter>96.ImGui\Deafult</Filter>
    </ClInclude>
    <ClInclude Include="..\Public\imstb_textedit.h">
      <Filter>96.ImGui\Deafult</Filter>
    </ClInclude>
    <ClInclude Include="..\Public\imstb_truetype.h">
      <Filter>96.ImGui\Deafult</Filter>
    </ClInclude>
    <ClInclude Include="..\Public\imconfig.h">
      <Filter>96.ImGui\Deafult</Filter>
    </ClInclude>
    <ClInclude Include="..\Public\imgui.h">
      <Filter>96.ImGui\Deafult</Filter>
    </ClInclude>
    <ClInclude Include="..\Public\imgui_impl_dx11.h">
      <Filter>96.ImGui\Deafult</Filter>
    </ClInclude>
    <ClInclude Include="..\public\Skeleton.h">
      <Filter>02.GameObject\Skeleton</Filter>
    </ClInclude>
    <ClInclude Include="..\public\Body_Skeleton.h">
      <Filter>02.GameObject\Skeleton\Body</Filter>
    </ClInclude>
    <ClInclude Include="..\public\Bunting.h">
      <Filter>02.GameObject\Bunting</Filter>
    </ClInclude>
    <ClInclude Include="..\Public\ImGuizmo.h">
      <Filter>96.ImGui\Gizumo</Filter>
    </ClInclude>
    <ClInclude Include="..\public\Body_Player.h">
      <Filter>02.GameObject\Player\Body</Filter>
    </ClInclude>
    <ClInclude Include="..\public\Weapon.h">
      <Filter>02.GameObject\Player\Weapon</Filter>
    </ClInclude>
    <ClInclude Include="..\public\Sky.h">
      <Filter>02.GameObject\Sky</Filter>
    </ClInclude>
    <ClInclude Include="..\public\DefalutBlock.h">
      <Filter>02.GameObject\DefaultBlock</Filter>
    </ClInclude>
    <ClInclude Include="..\public\Building.h">
      <Filter>02.GameObject\Building</Filter>
    </ClInclude>
    <ClInclude Include="..\public\Bridge.h">
      <Filter>02.GameObject\Bridge</Filter>
    </ClInclude>
    <ClInclude Include="..\public\Table.h">
      <Filter>02.GameObject\Table</Filter>
    </ClInclude>
    <ClInclude Include="..\Public\Tent.h">
      <Filter>02.GameObject\Tent</Filter>
    </ClInclude>
    <ClInclude Include="..\Public\LampPost.h">
      <Filter>02.GameObject\LampPost</Filter>
    </ClInclude>
    <ClInclude Include="..\Public\Bucket.h">
      <Filter>02.GameObject\Bucket</Filter>
    </ClInclude>
    <ClInclude Include="..\Public\Sack.h">
      <Filter>02.GameObject\Sack</Filter>
    </ClInclude>
    <ClInclude Include="..\Public\WaterBucket.h">
      <Filter>02.GameObject\WaterBucket</Filter>
    </ClInclude>
    <ClInclude Include="..\Public\Lantern.h">
      <Filter>02.GameObject\Lantern</Filter>
    </ClInclude>
    <ClInclude Include="..\Public\Grass.h">
      <Filter>02.GameObject\Grass</Filter>
    </ClInclude>
    <ClInclude Include="..\Public\NameLessKing.h">
      <Filter>02.GameObject\NameLessKing</Filter>
    </ClInclude>
    <ClInclude Include="..\Public\Creeper.h">
      <Filter>02.GameObject\Creeper</Filter>
    </ClInclude>
    <ClInclude Include="..\Public\SkeletonVanguard.h">
      <Filter>02.GameObject\SkeletonVanguard</Filter>
    </ClInclude>
    <ClInclude Include="..\Public\Zombie.h">
      <Filter>02.GameObject\Zombie</Filter>
    </ClInclude>
    <ClInclude Include="..\Public\Arrow.h">
      <Filter>02.GameObject\Arrow</Filter>
    </ClInclude>
    <ClInclude Include="..\Public\Bow.h">
      <Filter>02.GameObject\Player\Bow</Filter>
    </ClInclude>
    <ClInclude Include="..\Public\JusinBox.h">
      <Filter>02.GameObject\NameLessKing\JusinBox</Filter>
    </ClInclude>
    <ClInclude Include="..\Public\HpBar.h">
      <Filter>02.GameObject\UI\03. HpBar</Filter>
    </ClInclude>
    <ClInclude Include="..\Public\DamageFont.h">
      <Filter>02.GameObject\UI\04. DamageFont</Filter>
    </ClInclude>
    <ClInclude Include="..\Public\BossMark.h">
      <Filter>02.GameObject\UI\05. BossMark</Filter>
    </ClInclude>
    <ClInclude Include="..\Public\Level_Boss.h">
      <Filter>01.Levels\Boss</Filter>
    </ClInclude>
    <ClInclude Include="..\Public\Level_BossPath.h">
      <Filter>01.Levels\BossPath</Filter>
    </ClInclude>
    <ClInclude Include="..\Public\Door.h">
      <Filter>02.GameObject\Door</Filter>
    </ClInclude>
    <ClInclude Include="..\Public\Inventory.h">
      <Filter>02.GameObject\UI\06. Inventory</Filter>
    </ClInclude>
    <ClInclude Include="..\Public\Icon.h">
      <Filter>02.GameObject\UI\06. Inventory\Icon</Filter>
    </ClInclude>
    <ClInclude Include="..\Public\Item_Sword.h">
      <Filter>02.GameObject\Item\Sword</Filter>
    </ClInclude>
    <ClInclude Include="..\Public\Item_Claymore.h">
      <Filter>02.GameObject\Item\Claymore</Filter>
    </ClInclude>
    <ClInclude Include="..\Public\Item_Bow.h">
      <Filter>02.GameObject\Item\Bow</Filter>
    </ClInclude>
    <ClInclude Include="..\Public\Item_Armor.h">
      <Filter>02.GameObject\Item\Armor</Filter>
    </ClInclude>
    <ClInclude Include="..\Public\Slot.h">
      <Filter>02.GameObject\UI\06. Inventory\Slot</Filter>
    </ClInclude>
  </ItemGroup>
  <ItemGroup>
    <Image Include="Client.ico">
      <Filter>98.Default</Filter>
    </Image>
    <Image Include="small.ico">
      <Filter>98.Default</Filter>
    </Image>
  </ItemGroup>
  <ItemGroup>
    <ResourceCompile Include="Client.rc">
      <Filter>98.Default</Filter>
    </ResourceCompile>
  </ItemGroup>
  <ItemGroup>
    <ClCompile Include="Client.cpp">
      <Filter>98.Default</Filter>
    </ClCompile>
    <ClCompile Include="..\private\MainApp.cpp">
      <Filter>00.MainApp</Filter>
    </ClCompile>
    <ClCompile Include="..\private\Level_Loading.cpp">
      <Filter>01.Levels\Loading</Filter>
    </ClCompile>
    <ClCompile Include="..\Private\Level_GamePlay.cpp">
      <Filter>01.Levels\GamePlay</Filter>
    </ClCompile>
    <ClCompile Include="..\Private\Level_Logo.cpp">
      <Filter>01.Levels\Logo</Filter>
    </ClCompile>
    <ClCompile Include="..\private\Loader.cpp">
      <Filter>01.Levels\Loading\Loader</Filter>
    </ClCompile>
    <ClCompile Include="..\private\BackGround.cpp">
      <Filter>02.GameObject\UI\00.BackGround</Filter>
    </ClCompile>
    <ClCompile Include="..\Private\Terrain.cpp">
      <Filter>02.GameObject\Terrain</Filter>
    </ClCompile>
    <ClCompile Include="..\private\FreeCamera.cpp">
      <Filter>02.GameObject\Camera\Free</Filter>
    </ClCompile>
    <ClCompile Include="..\Private\Monster.cpp">
      <Filter>02.GameObject\Monster</Filter>
    </ClCompile>
    <ClCompile Include="..\Private\Level_Dungeon.cpp">
      <Filter>01.Levels\Dungeon</Filter>
    </ClCompile>
    <ClCompile Include="..\private\Player.cpp">
      <Filter>02.GameObject\Player</Filter>
    </ClCompile>
    <ClCompile Include="..\private\HotBar.cpp">
      <Filter>02.GameObject\UI\01. HotBar</Filter>
    </ClCompile>
    <ClCompile Include="..\Public\Cursor.cpp">
      <Filter>02.GameObject\UI\02. Cursor</Filter>
    </ClCompile>
    <ClCompile Include="..\Private\ImGui_Manager.cpp">
      <Filter>96.ImGui</Filter>
    </ClCompile>
    <ClCompile Include="..\Private\ImGui_Panel.cpp">
      <Filter>96.ImGui\Panel</Filter>
    </ClCompile>
    <ClCompile Include="..\Private\ImGui_Panel_Inspector.cpp">
      <Filter>96.ImGui\Panel\Inspector</Filter>
    </ClCompile>
    <ClCompile Include="..\Private\ImGui_Panel_Hierarchy.cpp">
      <Filter>96.ImGui\Panel\Hierarchy</Filter>
    </ClCompile>
    <ClCompile Include="..\Private\imgui_impl_dx11.cpp">
      <Filter>96.ImGui\Deafult</Filter>
    </ClCompile>
    <ClCompile Include="..\Private\imgui_impl_win32.cpp">
      <Filter>96.ImGui\Deafult</Filter>
    </ClCompile>
    <ClCompile Include="..\Private\imgui_tables.cpp">
      <Filter>96.ImGui\Deafult</Filter>
    </ClCompile>
    <ClCompile Include="..\Private\imgui_widgets.cpp">
      <Filter>96.ImGui\Deafult</Filter>
    </ClCompile>
    <ClCompile Include="..\Private\imgui.cpp">
      <Filter>96.ImGui\Deafult</Filter>
    </ClCompile>
    <ClCompile Include="..\Private\imgui_demo.cpp">
      <Filter>96.ImGui\Deafult</Filter>
    </ClCompile>
    <ClCompile Include="..\Private\imgui_draw.cpp">
      <Filter>96.ImGui\Deafult</Filter>
    </ClCompile>
    <ClCompile Include="..\private\Skeleton.cpp">
      <Filter>02.GameObject\Skeleton</Filter>
    </ClCompile>
    <ClCompile Include="..\private\Body_Skeleton.cpp">
      <Filter>02.GameObject\Skeleton\Body</Filter>
    </ClCompile>
    <ClCompile Include="..\private\Bunting.cpp">
      <Filter>02.GameObject\Bunting</Filter>
    </ClCompile>
    <ClCompile Include="..\Private\ImGuizmo.cpp">
      <Filter>96.ImGui\Gizumo</Filter>
    </ClCompile>
    <ClCompile Include="..\private\Body_Player.cpp">
      <Filter>02.GameObject\Player\Body</Filter>
    </ClCompile>
    <ClCompile Include="..\private\Weapon.cpp">
      <Filter>02.GameObject\Player\Weapon</Filter>
    </ClCompile>
    <ClCompile Include="..\private\Sky.cpp">
      <Filter>02.GameObject\Sky</Filter>
    </ClCompile>
    <ClCompile Include="..\private\DefalutBlock.cpp">
      <Filter>02.GameObject\DefaultBlock</Filter>
    </ClCompile>
    <ClCompile Include="..\private\Building.cpp">
      <Filter>02.GameObject\Building</Filter>
    </ClCompile>
    <ClCompile Include="..\private\Bridge.cpp">
      <Filter>02.GameObject\Bridge</Filter>
    </ClCompile>
    <ClCompile Include="..\private\Table.cpp">
      <Filter>02.GameObject\Table</Filter>
    </ClCompile>
    <ClCompile Include="..\Private\Tent.cpp">
      <Filter>02.GameObject\Tent</Filter>
    </ClCompile>
    <ClCompile Include="..\Private\Sack.cpp">
      <Filter>02.GameObject\Sack</Filter>
    </ClCompile>
    <ClCompile Include="..\Private\WaterBucket.cpp">
      <Filter>02.GameObject\WaterBucket</Filter>
    </ClCompile>
    <ClCompile Include="..\Private\Bucket.cpp">
      <Filter>02.GameObject\Bucket</Filter>
    </ClCompile>
    <ClCompile Include="..\Private\LampPost.cpp">
      <Filter>02.GameObject\LampPost</Filter>
    </ClCompile>
    <ClCompile Include="..\Private\Lantern.cpp">
      <Filter>02.GameObject\Lantern</Filter>
    </ClCompile>
    <ClCompile Include="..\Private\Grass.cpp">
      <Filter>02.GameObject\Grass</Filter>
    </ClCompile>
    <ClCompile Include="..\Private\NameLessKing.cpp">
      <Filter>02.GameObject\NameLessKing</Filter>
    </ClCompile>
    <ClCompile Include="..\Private\Creeper.cpp">
      <Filter>02.GameObject\Creeper</Filter>
    </ClCompile>
    <ClCompile Include="..\Private\SkeletonVanguard.cpp">
      <Filter>02.GameObject\SkeletonVanguard</Filter>
    </ClCompile>
    <ClCompile Include="..\Private\Zombie.cpp">
      <Filter>02.GameObject\Zombie</Filter>
    </ClCompile>
    <ClCompile Include="..\Private\Bow.cpp">
      <Filter>02.GameObject\Player\Bow</Filter>
    </ClCompile>
    <ClCompile Include="..\Private\Arrow.cpp">
      <Filter>02.GameObject\Arrow</Filter>
    </ClCompile>
    <ClCompile Include="..\Private\JusinBox.cpp">
      <Filter>02.GameObject\NameLessKing\JusinBox</Filter>
    </ClCompile>
    <ClCompile Include="..\Private\HpBar.cpp">
      <Filter>02.GameObject\UI\03. HpBar</Filter>
    </ClCompile>
    <ClCompile Include="..\Private\DamageFont.cpp">
      <Filter>02.GameObject\UI\04. DamageFont</Filter>
    </ClCompile>
    <ClCompile Include="..\Private\BossMark.cpp">
      <Filter>02.GameObject\UI\05. BossMark</Filter>
    </ClCompile>
    <ClCompile Include="..\Private\Level_Boss.cpp">
      <Filter>01.Levels\Boss</Filter>
    </ClCompile>
    <ClCompile Include="..\Private\Level_BossPath.cpp">
      <Filter>01.Levels\BossPath</Filter>
    </ClCompile>
    <ClCompile Include="..\Private\Door.cpp">
      <Filter>02.GameObject\Door</Filter>
    </ClCompile>
    <ClCompile Include="..\Private\Inventory.cpp">
      <Filter>02.GameObject\UI\06. Inventory</Filter>
    </ClCompile>
    <ClCompile Include="..\Private\Icon.cpp">
      <Filter>02.GameObject\UI\06. Inventory\Icon</Filter>
    </ClCompile>
    <ClCompile Include="..\Private\Item_Sword.cpp">
      <Filter>02.GameObject\Item\Sword</Filter>
    </ClCompile>
    <ClCompile Include="..\Private\Item_Armor.cpp">
      <Filter>02.GameObject\Item\Armor</Filter>
    </ClCompile>
    <ClCompile Include="..\Private\Item_Bow.cpp">
      <Filter>02.GameObject\Item\Bow</Filter>
    </ClCompile>
    <ClCompile Include="..\Private\Item_Claymore.cpp">
      <Filter>02.GameObject\Item\Claymore</Filter>
    </ClCompile>
    <ClCompile Include="..\Private\Slot.cpp">
      <Filter>02.GameObject\UI\06. Inventory\Slot</Filter>
    </ClCompile>
  </ItemGroup>
  <ItemGroup>
    <FxCompile Include="..\Bin\ShaderFiles\Shader_VtxTex.hlsl">
      <Filter>97.ShaderFiles</Filter>
    </FxCompile>
    <FxCompile Include="..\Bin\ShaderFiles\Shader_VtxNorTex.hlsl">
      <Filter>97.ShaderFiles</Filter>
    </FxCompile>
    <FxCompile Include="..\Bin\ShaderFiles\Shader_VtxMesh.hlsl">
      <Filter>97.ShaderFiles</Filter>
    </FxCompile>
    <FxCompile Include="..\Bin\ShaderFiles\Shader_VtxAnimMesh.hlsl">
      <Filter>97.ShaderFiles</Filter>
    </FxCompile>
    <FxCompile Include="..\Bin\ShaderFiles\Shader_VtxCube.hlsl">
      <Filter>97.ShaderFiles</Filter>
    </FxCompile>
    <FxCompile Include="..\Bin\ShaderFiles\Shader_VtxDefaultCube.hlsl">
      <Filter>97.ShaderFiles</Filter>
    </FxCompile>
    <FxCompile Include="..\Bin\ShaderFiles\Shader_VtxTex_Blend.hlsl">
      <Filter>97.ShaderFiles</Filter>
    </FxCompile>
    <FxCompile Include="..\Bin\ShaderFiles\Shader_VtxTex_Hp.hlsl">
      <Filter>97.ShaderFiles</Filter>
    </FxCompile>
  </ItemGroup>
</Project>